
Microsoft Visual Studio Solution File, Format Version 12.00
# Visual Studio Version 17
VisualStudioVersion = 17.7.34202.233
MinimumVisualStudioVersion = 10.0.40219.1
Project("{FAE04EC0-301F-11D3-BF4B-00C04F79EFBC}") = "sprint3", "sprint3\sprint3.csproj", "{066BA3B0-E006-4C42-A936-84301FC9AE57}"
EndProject
Global
	GlobalSection(SolutionConfigurationPlatforms) = preSolution
		Debug|Any CPU = Debug|Any CPU
		Release|Any CPU = Release|Any CPU
	EndGlobalSection
	GlobalSection(ProjectConfigurationPlatforms) = postSolution
		{066BA3B0-E006-4C42-A936-84301FC9AE57}.Debug|Any CPU.ActiveCfg = Debug|Any CPU
		{066BA3B0-E006-4C42-A936-84301FC9AE57}.Debug|Any CPU.Build.0 = Debug|Any CPU
		{066BA3B0-E006-4C42-A936-84301FC9AE57}.Release|Any CPU.ActiveCfg = Release|Any CPU
		{066BA3B0-E006-4C42-A936-84301FC9AE57}.Release|Any CPU.Build.0 = Release|Any CPU
	EndGlobalSection
	GlobalSection(SolutionProperties) = preSolution
		HideSolutionNode = FALSE
	EndGlobalSection
	GlobalSection(ExtensibilityGlobals) = postSolution
		SolutionGuid = {5EEC3411-8B77-4A77-9064-B82D118C3248}
	EndGlobalSection
EndGlobal
