
Microsoft Visual Studio Solution File, Format Version 12.00
# Visual Studio Version 17
VisualStudioVersion = 17.7.34202.233
MinimumVisualStudioVersion = 10.0.40219.1
Project("{FAE04EC0-301F-11D3-BF4B-00C04F79EFBC}") = "sprint11", "sprint11\sprint11.csproj", "{561B8AF6-65D4-45E0-97BA-EFB82CF80BDB}"
EndProject
Global
	GlobalSection(SolutionConfigurationPlatforms) = preSolution
		Debug|Any CPU = Debug|Any CPU
		Release|Any CPU = Release|Any CPU
	EndGlobalSection
	GlobalSection(ProjectConfigurationPlatforms) = postSolution
		{561B8AF6-65D4-45E0-97BA-EFB82CF80BDB}.Debug|Any CPU.ActiveCfg = Debug|Any CPU
		{561B8AF6-65D4-45E0-97BA-EFB82CF80BDB}.Debug|Any CPU.Build.0 = Debug|Any CPU
		{561B8AF6-65D4-45E0-97BA-EFB82CF80BDB}.Release|Any CPU.ActiveCfg = Release|Any CPU
		{561B8AF6-65D4-45E0-97BA-EFB82CF80BDB}.Release|Any CPU.Build.0 = Release|Any CPU
	EndGlobalSection
	GlobalSection(SolutionProperties) = preSolution
		HideSolutionNode = FALSE
	EndGlobalSection
	GlobalSection(ExtensibilityGlobals) = postSolution
		SolutionGuid = {E4E073A6-67A4-4663-B1C7-BF60DE55484E}
	EndGlobalSection
EndGlobal
